
Microsoft Visual Studio Solution File, Format Version 12.00
# Visual Studio Version 17
VisualStudioVersion = 17.14.36717.8 d17.14
MinimumVisualStudioVersion = 10.0.40219.1
Project("{FAE04EC0-301F-11D3-BF4B-00C04F79EFBC}") = "UniStay", "UniStay\UniStay.csproj", "{F393C838-C7EC-4F9C-8D3A-DE4FC2EFE68D}"
EndProject
Global
	GlobalSection(SolutionConfigurationPlatforms) = preSolution
		Debug|Any CPU = Debug|Any CPU
		Release|Any CPU = Release|Any CPU
	EndGlobalSection
	GlobalSection(ProjectConfigurationPlatforms) = postSolution
		{F393C838-C7EC-4F9C-8D3A-DE4FC2EFE68D}.Debug|Any CPU.ActiveCfg = Debug|Any CPU
		{F393C838-C7EC-4F9C-8D3A-DE4FC2EFE68D}.Debug|Any CPU.Build.0 = Debug|Any CPU
		{F393C838-C7EC-4F9C-8D3A-DE4FC2EFE68D}.Release|Any CPU.ActiveCfg = Release|Any CPU
		{F393C838-C7EC-4F9C-8D3A-DE4FC2EFE68D}.Release|Any CPU.Build.0 = Release|Any CPU
	EndGlobalSection
	GlobalSection(SolutionProperties) = preSolution
		HideSolutionNode = FALSE
	EndGlobalSection
	GlobalSection(ExtensibilityGlobals) = postSolution
		SolutionGuid = {46B6C83C-861D-4A62-B492-6FE3FAB809CB}
	EndGlobalSection
EndGlobal
